{
  "name": "Quiet-Hours",
  "lockfileVersion": 3,
  "requires": true,
  "packages": {
    "": {
      "dependencies": {
        "@types/luxon": "^3.3.3",
        "luxon": "^3.4.3",
        "three": "^0.158.0"
      },
      "devDependencies": {
        "@types/three": "^0.158.0",
        "typescript": "^5.2.2"
      }
    },
    "node_modules/@types/luxon": {
      "version": "3.3.6",
      "resolved": "https://registry.npmjs.org/@types/luxon/-/luxon-3.3.6.tgz",
      "integrity": "sha512-LblarKeI26YsMLxHDIQ0295wPSLjkl98eNwDcVhz3zbo1H+kfnkzR01H5Ai5LBzSeddX0ZJSpGwKEZihGb5diw=="
    },
    "node_modules/@types/stats.js": {
      "version": "0.17.2",
      "resolved": "https://registry.npmjs.org/@types/stats.js/-/stats.js-0.17.2.tgz",
      "integrity": "sha512-j1oI+BOPiAAAKFysNNutE9aAIjvHqqILubCs2EeHKc19pi4uybaGAgBfLXsCgJYcyKWkiilEvl8CkFF/SL+baA==",
      "dev": true
    },
    "node_modules/@types/three": {
      "version": "0.158.2",
      "resolved": "https://registry.npmjs.org/@types/three/-/three-0.158.2.tgz",
      "integrity": "sha512-KPYbdLI8VPhu7qnHqsayfkuk58Qk+20l1U5HBK7uG50EjtrqeCreurNNpnatMZje29XRuTM1A+pGHGdDBHPyUQ==",
      "dev": true,
      "dependencies": {
        "@types/stats.js": "*",
        "@types/webxr": "*",
        "fflate": "~0.6.10",
        "meshoptimizer": "~0.18.1"
      }
    },
    "node_modules/@types/webxr": {
      "version": "0.5.7",
      "resolved": "https://registry.npmjs.org/@types/webxr/-/webxr-0.5.7.tgz",
      "integrity": "sha512-Rcgs5c2eNFnHp53YOjgtKfl/zWX1Y+uFGUwlSXrWcZWu3yhANRezmph4MninmqybUYT6g9ZE0aQ9QIdPkLR3Kg==",
      "dev": true
    },
    "node_modules/fflate": {
      "version": "0.6.10",
      "resolved": "https://registry.npmjs.org/fflate/-/fflate-0.6.10.tgz",
      "integrity": "sha512-IQrh3lEPM93wVCEczc9SaAOvkmcoQn/G8Bo1e8ZPlY3X3bnAxWaBdvTdvM1hP62iZp0BXWDy4vTAy4fF0+Dlpg==",
      "dev": true
    },
    "node_modules/luxon": {
      "version": "3.4.4",
      "resolved": "https://registry.npmjs.org/luxon/-/luxon-3.4.4.tgz",
      "integrity": "sha512-zobTr7akeGHnv7eBOXcRgMeCP6+uyYsczwmeRCauvpvaAltgNyTbLH/+VaEAPUeWBT+1GuNmz4wC/6jtQzbbVA==",
      "engines": {
        "node": ">=12"
      }
    },
    "node_modules/meshoptimizer": {
      "version": "0.18.1",
      "resolved": "https://registry.npmjs.org/meshoptimizer/-/meshoptimizer-0.18.1.tgz",
      "integrity": "sha512-ZhoIoL7TNV4s5B6+rx5mC//fw8/POGyNxS/DZyCJeiZ12ScLfVwRE/GfsxwiTkMYYD5DmK2/JXnEVXqL4rF+Sw==",
      "dev": true
    },
    "node_modules/three": {
      "version": "0.158.0",
      "resolved": "https://registry.npmjs.org/three/-/three-0.158.0.tgz",
      "integrity": "sha512-TALj4EOpdDPF1henk2Q+s17K61uEAAWQ7TJB68nr7FKxqwyDr3msOt5IWdbGm4TaWKjrtWS8DJJWe9JnvsWOhQ=="
    },
    "node_modules/typescript": {
      "version": "5.2.2",
      "resolved": "https://registry.npmjs.org/typescript/-/typescript-5.2.2.tgz",
      "integrity": "sha512-mI4WrpHsbCIcwT9cF4FZvr80QUeKvsUsUvKDoR+X/7XHQH98xYD8YHZg7ANtz2GtZt/CBq2QJ0thkGJMHfqc1w==",
      "dev": true,
      "bin": {
        "tsc": "bin/tsc",
        "tsserver": "bin/tsserver"
      },
      "engines": {
        "node": ">=14.17"
      }
    }
  }
}
