{
  "name": "Quiet-Hours",
  "lockfileVersion": 3,
  "requires": true,
  "packages": {
    "": {
      "dependencies": {
        "@types/luxon": "^3.3.3",
        "luxon": "^3.4.3",
        "three": "^0.186.0"
      },
      "devDependencies": {
        "@types/three": "^0.186.0",
        "typescript": "^5.2.2"
      }
    },
    "node_modules/@dimforge/rapier3d-compat": {
      "version": "0.12.0",
      "resolved": "https://registry.npmjs.org/@dimforge/rapier3d-compat/-/rapier3d-compat-0.12.0.tgz",
      "integrity": "sha512-uekIGetywIgopfD97oDL5PfeezkFpNhwlzlaEYNOA0N6ghdsOvh/HYjSMek5Q2O1PYvRSDFcqFVJl4r4ZBwOow==",
      "dev": true,
      "license": "Apache-2.0"
    },
    "node_modules/@tweenjs/tween.js": {
      "version": "23.1.3",
      "resolved": "https://registry.npmjs.org/@tweenjs/tween.js/-/tween.js-23.1.3.tgz",
      "integrity": "sha512-vJmvvwFxYuGnF2axRtPYocag6Clbb5YS7kLL+SO/TeVFzHqDIWrNKYtcsPMibjDx9O+bu+psAy9NKfWklassUA==",
      "dev": true,
      "license": "MIT"
    },
    "node_modules/@types/luxon": {
      "version": "3.3.7",
      "resolved": "https://registry.npmjs.org/@types/luxon/-/luxon-3.3.7.tgz",
      "integrity": "sha512-gKc9P2d4g5uYwmy4s/MO/yOVPmvHyvzka1YH6i5dM03UrFofHSmgc0D0ymbDRStFWHusk6cwwF6nhLm/ckBbbQ=="
    },
    "node_modules/@types/stats.js": {
      "version": "0.17.2",
      "resolved": "https://registry.npmjs.org/@types/stats.js/-/stats.js-0.17.2.tgz",
      "integrity": "sha512-j1oI+BOPiAAAKFysNNutE9aAIjvHqqILubCs2EeHKc19pi4uybaGAgBfLXsCgJYcyKWkiilEvl8CkFF/SL+baA==",
      "dev": true
    },
    "node_modules/@types/three": {
      "version": "0.186.0",
      "resolved": "https://registry.npmjs.org/@types/three/-/three-0.186.0.tgz",
      "integrity": "sha512-mxYSBpDC+D0pLfSP6sW4WZTcT+nrtmZcimMqnVmy36Hte3XpeYSrvgg4TRdaM1GemGog1AWzI5qL2VoIfMXbJQ==",
      "dev": true,
      "license": "MIT",
      "dependencies": {
        "@dimforge/rapier3d-compat": "~0.12.0",
        "@tweenjs/tween.js": "~23.1.3",
        "@types/stats.js": "*",
        "@types/webxr": ">=0.5.17",
        "fflate": "~0.8.3",
        "meshoptimizer": "~1.1.1"
      }
    },
    "node_modules/@types/webxr": {
      "version": "0.5.24",
      "resolved": "https://registry.npmjs.org/@types/webxr/-/webxr-0.5.24.tgz",
      "integrity": "sha512-h8fgEd/DpoS9CBrjEQXR+dIDraopAEfu4wYVNY2tEPwk60stPWhvZMf4Foo5FakuQ7HFZoa8WceaWFervK2Ovg==",
      "dev": true,
      "license": "MIT"
    },
    "node_modules/fflate": {
      "version": "0.8.3",
      "resolved": "https://registry.npmjs.org/fflate/-/fflate-0.8.3.tgz",
      "integrity": "sha512-tbZNuJrLwGUp3zshBtdy4W+ORxZuIh8a5ilyIEQDC5rY1f3U20JMry0Ll3WBzU58EZKsEuJFXhb5gwv8CsPvgA==",
      "dev": true,
      "license": "MIT"
    },
    "node_modules/luxon": {
      "version": "3.4.4",
      "resolved": "https://registry.npmjs.org/luxon/-/luxon-3.4.4.tgz",
      "integrity": "sha512-zobTr7akeGHnv7eBOXcRgMeCP6+uyYsczwmeRCauvpvaAltgNyTbLH/+VaEAPUeWBT+1GuNmz4wC/6jtQzbbVA==",
      "engines": {
        "node": ">=12"
      }
    },
    "node_modules/meshoptimizer": {
      "version": "1.1.1",
      "resolved": "https://registry.npmjs.org/meshoptimizer/-/meshoptimizer-1.1.1.tgz",
      "integrity": "sha512-oRFNWJRDA/WTrVj7NWvqa5HqE1t9MYDj2VaWirQCzCCrAd2GHrqR/sQezCxiWATPNlKTcRaPRHPJwIRoPBAp5g==",
      "dev": true,
      "license": "MIT"
    },
    "node_modules/three": {
      "version": "0.186.0",
      "resolved": "https://registry.npmjs.org/three/-/three-0.186.0.tgz",
      "integrity": "sha512-cr/fIM2ddMSVbYVgkfD4jLJv7Fh/8ZTjvo+7gQeSVGUZHxpx9FDwoL5iC7hUz/LiRA8wMbqfnb90xKfm1/HHkQ==",
      "license": "MIT"
    },
    "node_modules/typescript": {
      "version": "5.3.2",
      "resolved": "https://registry.npmjs.org/typescript/-/typescript-5.3.2.tgz",
      "integrity": "sha512-6l+RyNy7oAHDfxC4FzSJcz9vnjTKxrLpDG5M2Vu4SHRVNg6xzqZp6LYSR9zjqQTu8DU/f5xwxUdADOkbrIX2gQ==",
      "dev": true,
      "bin": {
        "tsc": "bin/tsc",
        "tsserver": "bin/tsserver"
      },
      "engines": {
        "node": ">=14.17"
      }
    }
  }
}
